// !$*UTF8*$!
{
	archiveVersion = 1;
	classes = {
	};
	objectVersion = 60;
	objects = {

/* Begin PBXBuildFile section */
		3300B8EE2B6CC18A0093774C /* WebService.swift in Sources */ = {isa = PBXBuildFile; fileRef = 3300B8ED2B6CC18A0093774C /* WebService.swift */; };
		3300B8F12B6CEFF10093774C /* Connectivity.swift in Sources */ = {isa = PBXBuildFile; fileRef = 3300B8F02B6CEFF10093774C /* Connectivity.swift */; };
		3317A4D82B6BC280002BEA08 /* AppDelegate.swift in Sources */ = {isa = PBXBuildFile; fileRef = 3317A4D62B6BC280002BEA08 /* AppDelegate.swift */; };
		3317A4D92B6BC280002BEA08 /* SceneDelegate.swift in Sources */ = {isa = PBXBuildFile; fileRef = 3317A4D72B6BC280002BEA08 /* SceneDelegate.swift */; };
		3317A5092B6BC734002BEA08 /* SplashViewController.swift in Sources */ = {isa = PBXBuildFile; fileRef = 3317A5082B6BC734002BEA08 /* SplashViewController.swift */; };
		3317A50B2B6BC785002BEA08 /* SplashProtocol.swift in Sources */ = {isa = PBXBuildFile; fileRef = 3317A50A2B6BC785002BEA08 /* SplashProtocol.swift */; };
		3317A50D2B6BC7DA002BEA08 /* SplashModel.swift in Sources */ = {isa = PBXBuildFile; fileRef = 3317A50C2B6BC7DA002BEA08 /* SplashModel.swift */; };
		3317A50F2B6BC9C2002BEA08 /* SplashPresenter.swift in Sources */ = {isa = PBXBuildFile; fileRef = 3317A50E2B6BC9C2002BEA08 /* SplashPresenter.swift */; };
		3317A5112B6BCAD0002BEA08 /* SplashInteractor.swift in Sources */ = {isa = PBXBuildFile; fileRef = 3317A5102B6BCAD0002BEA08 /* SplashInteractor.swift */; };
		3317A5142B6BCB6E002BEA08 /* Alamofire in Frameworks */ = {isa = PBXBuildFile; productRef = 3317A5132B6BCB6E002BEA08 /* Alamofire */; };
		33F474422B6BA8FD00324D1B /* Main.storyboard in Resources */ = {isa = PBXBuildFile; fileRef = 33F474402B6BA8FD00324D1B /* Main.storyboard */; };
		33F474452B6BA8FD00324D1B /* VIPER.xcdatamodeld in Sources */ = {isa = PBXBuildFile; fileRef = 33F474432B6BA8FD00324D1B /* VIPER.xcdatamodeld */; };
		33F474472B6BA8FE00324D1B /* Assets.xcassets in Resources */ = {isa = PBXBuildFile; fileRef = 33F474462B6BA8FE00324D1B /* Assets.xcassets */; };
/* End PBXBuildFile section */

/* Begin PBXFileReference section */
		3300B8ED2B6CC18A0093774C /* WebService.swift */ = {isa = PBXFileReference; lastKnownFileType = sourcecode.swift; path = WebService.swift; sourceTree = "<group>"; };
		3300B8F02B6CEFF10093774C /* Connectivity.swift */ = {isa = PBXFileReference; lastKnownFileType = sourcecode.swift; path = Connectivity.swift; sourceTree = "<group>"; };
		3303F5E02B6CB54B00DA05ED /* mul */ = {isa = PBXFileReference; lastKnownFileType = text.json.xcstrings; name = mul; path = mul.lproj/Main.xcstrings; sourceTree = "<group>"; };
		3317A4D62B6BC280002BEA08 /* AppDelegate.swift */ = {isa = PBXFileReference; fileEncoding = 4; lastKnownFileType = sourcecode.swift; path = AppDelegate.swift; sourceTree = "<group>"; };
		3317A4D72B6BC280002BEA08 /* SceneDelegate.swift */ = {isa = PBXFileReference; fileEncoding = 4; lastKnownFileType = sourcecode.swift; path = SceneDelegate.swift; sourceTree = "<group>"; };
		3317A5082B6BC734002BEA08 /* SplashViewController.swift */ = {isa = PBXFileReference; lastKnownFileType = sourcecode.swift; path = SplashViewController.swift; sourceTree = "<group>"; };
		3317A50A2B6BC785002BEA08 /* SplashProtocol.swift */ = {isa = PBXFileReference; lastKnownFileType = sourcecode.swift; path = SplashProtocol.swift; sourceTree = "<group>"; };
		3317A50C2B6BC7DA002BEA08 /* SplashModel.swift */ = {isa = PBXFileReference; lastKnownFileType = sourcecode.swift; path = SplashModel.swift; sourceTree = "<group>"; };
		3317A50E2B6BC9C2002BEA08 /* SplashPresenter.swift */ = {isa = PBXFileReference; lastKnownFileType = sourcecode.swift; path = SplashPresenter.swift; sourceTree = "<group>"; };
		3317A5102B6BCAD0002BEA08 /* SplashInteractor.swift */ = {isa = PBXFileReference; lastKnownFileType = sourcecode.swift; path = SplashInteractor.swift; sourceTree = "<group>"; };
		33F474372B6BA8FD00324D1B /* VIPER.app */ = {isa = PBXFileReference; explicitFileType = wrapper.application; includeInIndex = 0; path = VIPER.app; sourceTree = BUILT_PRODUCTS_DIR; };
		33F474412B6BA8FD00324D1B /* Base */ = {isa = PBXFileReference; lastKnownFileType = file.storyboard; name = Base; path = Base.lproj/Main.storyboard; sourceTree = "<group>"; };
		33F474442B6BA8FD00324D1B /* BrightForceiOS.xcdatamodel */ = {isa = PBXFileReference; lastKnownFileType = wrapper.xcdatamodel; path = BrightForceiOS.xcdatamodel; sourceTree = "<group>"; };
		33F474462B6BA8FE00324D1B /* Assets.xcassets */ = {isa = PBXFileReference; lastKnownFileType = folder.assetcatalog; path = Assets.xcassets; sourceTree = "<group>"; };
		33F4744B2B6BA8FE00324D1B /* Info.plist */ = {isa = PBXFileReference; lastKnownFileType = text.plist.xml; path = Info.plist; sourceTree = "<group>"; };
/* End PBXFileReference section */

/* Begin PBXFrameworksBuildPhase section */
		33F474342B6BA8FD00324D1B /* Frameworks */ = {
			isa = PBXFrameworksBuildPhase;
			buildActionMask = 2147483647;
			files = (
				3317A5142B6BCB6E002BEA08 /* Alamofire in Frameworks */,
			);
			runOnlyForDeploymentPostprocessing = 0;
		};
/* End PBXFrameworksBuildPhase section */

/* Begin PBXGroup section */
		3300B8EC2B6CC1690093774C /* WebService */ = {
			isa = PBXGroup;
			children = (
				3300B8ED2B6CC18A0093774C /* WebService.swift */,
			);
			path = WebService;
			sourceTree = "<group>";
		};
		3300B8EF2B6CEFE20093774C /* Connectivity */ = {
			isa = PBXGroup;
			children = (
				3300B8F02B6CEFF10093774C /* Connectivity.swift */,
			);
			path = Connectivity;
			sourceTree = "<group>";
		};
		3317A4D42B6BC204002BEA08 /* Helpers */ = {
			isa = PBXGroup;
			children = (
				3300B8EF2B6CEFE20093774C /* Connectivity */,
				3300B8EC2B6CC1690093774C /* WebService */,
				3317A4DE2B6BC331002BEA08 /* Database */,
				3317A4DD2B6BC319002BEA08 /* AppInfo */,
				3317A4DC2B6BC2EC002BEA08 /* Assets */,
				3317A4D52B6BC280002BEA08 /* AppDelegate */,
			);
			path = Helpers;
			sourceTree = "<group>";
		};
		3317A4D52B6BC280002BEA08 /* AppDelegate */ = {
			isa = PBXGroup;
			children = (
				3317A4D62B6BC280002BEA08 /* AppDelegate.swift */,
				3317A4D72B6BC280002BEA08 /* SceneDelegate.swift */,
			);
			path = AppDelegate;
			sourceTree = "<group>";
		};
		3317A4DA2B6BC2A5002BEA08 /* VIP */ = {
			isa = PBXGroup;
			children = (
				3317A4F12B6BC4C7002BEA08 /* Home */,
				3317A4EB2B6BC4C7002BEA08 /* Login */,
				3317A4F72B6BC4C7002BEA08 /* Profile */,
				3317A4FD2B6BC4C7002BEA08 /* Register */,
				3317A4E52B6BC3F4002BEA08 /* SplashView */,
			);
			path = VIP;
			sourceTree = "<group>";
		};
		3317A4DB2B6BC2C0002BEA08 /* UI */ = {
			isa = PBXGroup;
			children = (
				33F474402B6BA8FD00324D1B /* Main.storyboard */,
			);
			path = UI;
			sourceTree = "<group>";
		};
		3317A4DC2B6BC2EC002BEA08 /* Assets */ = {
			isa = PBXGroup;
			children = (
				33F474462B6BA8FE00324D1B /* Assets.xcassets */,
			);
			path = Assets;
			sourceTree = "<group>";
		};
		3317A4DD2B6BC319002BEA08 /* AppInfo */ = {
			isa = PBXGroup;
			children = (
				33F4744B2B6BA8FE00324D1B /* Info.plist */,
			);
			path = AppInfo;
			sourceTree = "<group>";
		};
		3317A4DE2B6BC331002BEA08 /* Database */ = {
			isa = PBXGroup;
			children = (
				33F474432B6BA8FD00324D1B /* VIPER.xcdatamodeld */,
			);
			path = Database;
			sourceTree = "<group>";
		};
		3317A4E52B6BC3F4002BEA08 /* SplashView */ = {
			isa = PBXGroup;
			children = (
				3317A5072B6BC63A002BEA08 /* Protocols */,
				3317A4E62B6BC3F4002BEA08 /* Entity */,
				3317A4E72B6BC3F4002BEA08 /* Presenter */,
				3317A4E82B6BC3F4002BEA08 /* View */,
				3317A4E92B6BC3F4002BEA08 /* Interactor */,
				3317A4EA2B6BC3F4002BEA08 /* Router */,
			);
			path = SplashView;
			sourceTree = "<group>";
		};
		3317A4E62B6BC3F4002BEA08 /* Entity */ = {
			isa = PBXGroup;
			children = (
				3317A50C2B6BC7DA002BEA08 /* SplashModel.swift */,
			);
			path = Entity;
			sourceTree = "<group>";
		};
		3317A4E72B6BC3F4002BEA08 /* Presenter */ = {
			isa = PBXGroup;
			children = (
				3317A50E2B6BC9C2002BEA08 /* SplashPresenter.swift */,
			);
			path = Presenter;
			sourceTree = "<group>";
		};
		3317A4E82B6BC3F4002BEA08 /* View */ = {
			isa = PBXGroup;
			children = (
				3317A5082B6BC734002BEA08 /* SplashViewController.swift */,
			);
			path = View;
			sourceTree = "<group>";
		};
		3317A4E92B6BC3F4002BEA08 /* Interactor */ = {
			isa = PBXGroup;
			children = (
				3317A5102B6BCAD0002BEA08 /* SplashInteractor.swift */,
			);
			path = Interactor;
			sourceTree = "<group>";
		};
		3317A4EA2B6BC3F4002BEA08 /* Router */ = {
			isa = PBXGroup;
			children = (
			);
			path = Router;
			sourceTree = "<group>";
		};
		3317A4EB2B6BC4C7002BEA08 /* Login */ = {
			isa = PBXGroup;
			children = (
				3317A5042B6BC620002BEA08 /* Protocols */,
				3317A4EC2B6BC4C7002BEA08 /* Entity */,
				3317A4ED2B6BC4C7002BEA08 /* Presenter */,
				3317A4EE2B6BC4C7002BEA08 /* View */,
				3317A4EF2B6BC4C7002BEA08 /* Interactor */,
				3317A4F02B6BC4C7002BEA08 /* Router */,
			);
			path = Login;
			sourceTree = "<group>";
		};
		3317A4EC2B6BC4C7002BEA08 /* Entity */ = {
			isa = PBXGroup;
			children = (
			);
			path = Entity;
			sourceTree = "<group>";
		};
		3317A4ED2B6BC4C7002BEA08 /* Presenter */ = {
			isa = PBXGroup;
			children = (
			);
			path = Presenter;
			sourceTree = "<group>";
		};
		3317A4EE2B6BC4C7002BEA08 /* View */ = {
			isa = PBXGroup;
			children = (
			);
			path = View;
			sourceTree = "<group>";
		};
		3317A4EF2B6BC4C7002BEA08 /* Interactor */ = {
			isa = PBXGroup;
			children = (
			);
			path = Interactor;
			sourceTree = "<group>";
		};
		3317A4F02B6BC4C7002BEA08 /* Router */ = {
			isa = PBXGroup;
			children = (
			);
			path = Router;
			sourceTree = "<group>";
		};
		3317A4F12B6BC4C7002BEA08 /* Home */ = {
			isa = PBXGroup;
			children = (
				3317A5032B6BC617002BEA08 /* Protocols */,
				3317A4F22B6BC4C7002BEA08 /* Entity */,
				3317A4F32B6BC4C7002BEA08 /* Presenter */,
				3317A4F42B6BC4C7002BEA08 /* View */,
				3317A4F52B6BC4C7002BEA08 /* Interactor */,
				3317A4F62B6BC4C7002BEA08 /* Router */,
			);
			path = Home;
			sourceTree = "<group>";
		};
		3317A4F22B6BC4C7002BEA08 /* Entity */ = {
			isa = PBXGroup;
			children = (
			);
			path = Entity;
			sourceTree = "<group>";
		};
		3317A4F32B6BC4C7002BEA08 /* Presenter */ = {
			isa = PBXGroup;
			children = (
			);
			path = Presenter;
			sourceTree = "<group>";
		};
		3317A4F42B6BC4C7002BEA08 /* View */ = {
			isa = PBXGroup;
			children = (
			);
			path = View;
			sourceTree = "<group>";
		};
		3317A4F52B6BC4C7002BEA08 /* Interactor */ = {
			isa = PBXGroup;
			children = (
			);
			path = Interactor;
			sourceTree = "<group>";
		};
		3317A4F62B6BC4C7002BEA08 /* Router */ = {
			isa = PBXGroup;
			children = (
			);
			path = Router;
			sourceTree = "<group>";
		};
		3317A4F72B6BC4C7002BEA08 /* Profile */ = {
			isa = PBXGroup;
			children = (
				3317A5052B6BC629002BEA08 /* Protocols */,
				3317A4F82B6BC4C7002BEA08 /* Entity */,
				3317A4F92B6BC4C7002BEA08 /* Presenter */,
				3317A4FA2B6BC4C7002BEA08 /* View */,
				3317A4FB2B6BC4C7002BEA08 /* Interactor */,
				3317A4FC2B6BC4C7002BEA08 /* Router */,
			);
			path = Profile;
			sourceTree = "<group>";
		};
		3317A4F82B6BC4C7002BEA08 /* Entity */ = {
			isa = PBXGroup;
			children = (
			);
			path = Entity;
			sourceTree = "<group>";
		};
		3317A4F92B6BC4C7002BEA08 /* Presenter */ = {
			isa = PBXGroup;
			children = (
			);
			path = Presenter;
			sourceTree = "<group>";
		};
		3317A4FA2B6BC4C7002BEA08 /* View */ = {
			isa = PBXGroup;
			children = (
			);
			path = View;
			sourceTree = "<group>";
		};
		3317A4FB2B6BC4C7002BEA08 /* Interactor */ = {
			isa = PBXGroup;
			children = (
			);
			path = Interactor;
			sourceTree = "<group>";
		};
		3317A4FC2B6BC4C7002BEA08 /* Router */ = {
			isa = PBXGroup;
			children = (
			);
			path = Router;
			sourceTree = "<group>";
		};
		3317A4FD2B6BC4C7002BEA08 /* Register */ = {
			isa = PBXGroup;
			children = (
				3317A5062B6BC633002BEA08 /* Protocols */,
				3317A4FE2B6BC4C7002BEA08 /* Entity */,
				3317A4FF2B6BC4C7002BEA08 /* Presenter */,
				3317A5002B6BC4C7002BEA08 /* View */,
				3317A5012B6BC4C7002BEA08 /* Interactor */,
				3317A5022B6BC4C7002BEA08 /* Router */,
			);
			path = Register;
			sourceTree = "<group>";
		};
		3317A4FE2B6BC4C7002BEA08 /* Entity */ = {
			isa = PBXGroup;
			children = (
			);
			path = Entity;
			sourceTree = "<group>";
		};
		3317A4FF2B6BC4C7002BEA08 /* Presenter */ = {
			isa = PBXGroup;
			children = (
			);
			path = Presenter;
			sourceTree = "<group>";
		};
		3317A5002B6BC4C7002BEA08 /* View */ = {
			isa = PBXGroup;
			children = (
			);
			path = View;
			sourceTree = "<group>";
		};
		3317A5012B6BC4C7002BEA08 /* Interactor */ = {
			isa = PBXGroup;
			children = (
			);
			path = Interactor;
			sourceTree = "<group>";
		};
		3317A5022B6BC4C7002BEA08 /* Router */ = {
			isa = PBXGroup;
			children = (
			);
			path = Router;
			sourceTree = "<group>";
		};
		3317A5032B6BC617002BEA08 /* Protocols */ = {
			isa = PBXGroup;
			children = (
			);
			path = Protocols;
			sourceTree = "<group>";
		};
		3317A5042B6BC620002BEA08 /* Protocols */ = {
			isa = PBXGroup;
			children = (
			);
			path = Protocols;
			sourceTree = "<group>";
		};
		3317A5052B6BC629002BEA08 /* Protocols */ = {
			isa = PBXGroup;
			children = (
			);
			path = Protocols;
			sourceTree = "<group>";
		};
		3317A5062B6BC633002BEA08 /* Protocols */ = {
			isa = PBXGroup;
			children = (
			);
			path = Protocols;
			sourceTree = "<group>";
		};
		3317A5072B6BC63A002BEA08 /* Protocols */ = {
			isa = PBXGroup;
			children = (
				3317A50A2B6BC785002BEA08 /* SplashProtocol.swift */,
			);
			path = Protocols;
			sourceTree = "<group>";
		};
		33F4742E2B6BA8FD00324D1B = {
			isa = PBXGroup;
			children = (
				33F474392B6BA8FD00324D1B /* VIPER */,
				33F474382B6BA8FD00324D1B /* Products */,
			);
			sourceTree = "<group>";
		};
		33F474382B6BA8FD00324D1B /* Products */ = {
			isa = PBXGroup;
			children = (
				33F474372B6BA8FD00324D1B /* VIPER.app */,
			);
			name = Products;
			sourceTree = "<group>";
		};
		33F474392B6BA8FD00324D1B /* VIPER */ = {
			isa = PBXGroup;
			children = (
				3317A4DB2B6BC2C0002BEA08 /* UI */,
				3317A4DA2B6BC2A5002BEA08 /* VIP */,
				3317A4D42B6BC204002BEA08 /* Helpers */,
			);
			path = VIPER;
			sourceTree = "<group>";
		};
/* End PBXGroup section */

/* Begin PBXNativeTarget section */
		33F474362B6BA8FD00324D1B /* VIPER */ = {
			isa = PBXNativeTarget;
			buildConfigurationList = 33F474642B6BA8FE00324D1B /* Build configuration list for PBXNativeTarget "VIPER" */;
			buildPhases = (
				33F474332B6BA8FD00324D1B /* Sources */,
				33F474342B6BA8FD00324D1B /* Frameworks */,
				33F474352B6BA8FD00324D1B /* Resources */,
			);
			buildRules = (
			);
			dependencies = (
			);
			name = VIPER;
			packageProductDependencies = (
				3317A5132B6BCB6E002BEA08 /* Alamofire */,
			);
			productName = BrightForceiOS;
			productReference = 33F474372B6BA8FD00324D1B /* VIPER.app */;
			productType = "com.apple.product-type.application";
		};
/* End PBXNativeTarget section */

/* Begin PBXProject section */
		33F4742F2B6BA8FD00324D1B /* Project object */ = {
			isa = PBXProject;
			attributes = {
				BuildIndependentTargetsInParallel = 1;
				LastSwiftUpdateCheck = 1500;
				LastUpgradeCheck = 1500;
				TargetAttributes = {
					33F474362B6BA8FD00324D1B = {
						CreatedOnToolsVersion = 15.0;
					};
				};
			};
			buildConfigurationList = 33F474322B6BA8FD00324D1B /* Build configuration list for PBXProject "VIPER" */;
			compatibilityVersion = "Xcode 14.0";
			developmentRegion = en;
			hasScannedForEncodings = 0;
			knownRegions = (
				en,
				Base,
				fr,
			);
			mainGroup = 33F4742E2B6BA8FD00324D1B;
			packageReferences = (
				3317A5122B6BCB6E002BEA08 /* XCRemoteSwiftPackageReference "Alamofire" */,
			);
			productRefGroup = 33F474382B6BA8FD00324D1B /* Products */;
			projectDirPath = "";
			projectRoot = "";
			targets = (
				33F474362B6BA8FD00324D1B /* VIPER */,
			);
		};
/* End PBXProject section */

/* Begin PBXResourcesBuildPhase section */
		33F474352B6BA8FD00324D1B /* Resources */ = {
			isa = PBXResourcesBuildPhase;
			buildActionMask = 2147483647;
			files = (
				33F474472B6BA8FE00324D1B /* Assets.xcassets in Resources */,
				33F474422B6BA8FD00324D1B /* Main.storyboard in Resources */,
			);
			runOnlyForDeploymentPostprocessing = 0;
		};
/* End PBXResourcesBuildPhase section */

/* Begin PBXSourcesBuildPhase section */
		33F474332B6BA8FD00324D1B /* Sources */ = {
			isa = PBXSourcesBuildPhase;
			buildActionMask = 2147483647;
			files = (
				3300B8EE2B6CC18A0093774C /* WebService.swift in Sources */,
				3317A50D2B6BC7DA002BEA08 /* SplashModel.swift in Sources */,
				3300B8F12B6CEFF10093774C /* Connectivity.swift in Sources */,
				3317A50F2B6BC9C2002BEA08 /* SplashPresenter.swift in Sources */,
				3317A4D82B6BC280002BEA08 /* AppDelegate.swift in Sources */,
				33F474452B6BA8FD00324D1B /* VIPER.xcdatamodeld in Sources */,
				3317A4D92B6BC280002BEA08 /* SceneDelegate.swift in Sources */,
				3317A50B2B6BC785002BEA08 /* SplashProtocol.swift in Sources */,
				3317A5092B6BC734002BEA08 /* SplashViewController.swift in Sources */,
				3317A5112B6BCAD0002BEA08 /* SplashInteractor.swift in Sources */,
			);
			runOnlyForDeploymentPostprocessing = 0;
		};
/* End PBXSourcesBuildPhase section */

/* Begin PBXVariantGroup section */
		33F474402B6BA8FD00324D1B /* Main.storyboard */ = {
			isa = PBXVariantGroup;
			children = (
				33F474412B6BA8FD00324D1B /* Base */,
				3303F5E02B6CB54B00DA05ED /* mul */,
			);
			name = Main.storyboard;
			sourceTree = "<group>";
		};
/* End PBXVariantGroup section */

/* Begin XCBuildConfiguration section */
		33F474622B6BA8FE00324D1B /* Debug */ = {
			isa = XCBuildConfiguration;
			buildSettings = {
				ALWAYS_SEARCH_USER_PATHS = NO;
				ASSETCATALOG_COMPILER_GENERATE_SWIFT_ASSET_SYMBOL_EXTENSIONS = YES;
				CLANG_ANALYZER_NONNULL = YES;
				CLANG_ANALYZER_NUMBER_OBJECT_CONVERSION = YES_AGGRESSIVE;
				CLANG_CXX_LANGUAGE_STANDARD = "gnu++20";
				CLANG_ENABLE_MODULES = YES;
				CLANG_ENABLE_OBJC_ARC = YES;
				CLANG_ENABLE_OBJC_WEAK = YES;
				CLANG_WARN_BLOCK_CAPTURE_AUTORELEASING = YES;
				CLANG_WARN_BOOL_CONVERSION = YES;
				CLANG_WARN_COMMA = YES;
				CLANG_WARN_CONSTANT_CONVERSION = YES;
				CLANG_WARN_DEPRECATED_OBJC_IMPLEMENTATIONS = YES;
				CLANG_WARN_DIRECT_OBJC_ISA_USAGE = YES_ERROR;
				CLANG_WARN_DOCUMENTATION_COMMENTS = YES;
				CLANG_WARN_EMPTY_BODY = YES;
				CLANG_WARN_ENUM_CONVERSION = YES;
				CLANG_WARN_INFINITE_RECURSION = YES;
				CLANG_WARN_INT_CONVERSION = YES;
				CLANG_WARN_NON_LITERAL_NULL_CONVERSION = YES;
				CLANG_WARN_OBJC_IMPLICIT_RETAIN_SELF = YES;
				CLANG_WARN_OBJC_LITERAL_CONVERSION = YES;
				CLANG_WARN_OBJC_ROOT_CLASS = YES_ERROR;
				CLANG_WARN_QUOTED_INCLUDE_IN_FRAMEWORK_HEADER = YES;
				CLANG_WARN_RANGE_LOOP_ANALYSIS = YES;
				CLANG_WARN_STRICT_PROTOTYPES = YES;
				CLANG_WARN_SUSPICIOUS_MOVE = YES;
				CLANG_WARN_UNGUARDED_AVAILABILITY = YES_AGGRESSIVE;
				CLANG_WARN_UNREACHABLE_CODE = YES;
				CLANG_WARN__DUPLICATE_METHOD_MATCH = YES;
				COPY_PHASE_STRIP = NO;
				DEBUG_INFORMATION_FORMAT = dwarf;
				ENABLE_STRICT_OBJC_MSGSEND = YES;
				ENABLE_TESTABILITY = YES;
				ENABLE_USER_SCRIPT_SANDBOXING = YES;
				GCC_C_LANGUAGE_STANDARD = gnu17;
				GCC_DYNAMIC_NO_PIC = NO;
				GCC_NO_COMMON_BLOCKS = YES;
				GCC_OPTIMIZATION_LEVEL = 0;
				GCC_PREPROCESSOR_DEFINITIONS = (
					"DEBUG=1",
					"$(inherited)",
				);
				GCC_WARN_64_TO_32_BIT_CONVERSION = YES;
				GCC_WARN_ABOUT_RETURN_TYPE = YES_ERROR;
				GCC_WARN_UNDECLARED_SELECTOR = YES;
				GCC_WARN_UNINITIALIZED_AUTOS = YES_AGGRESSIVE;
				GCC_WARN_UNUSED_FUNCTION = YES;
				GCC_WARN_UNUSED_VARIABLE = YES;
				IPHONEOS_DEPLOYMENT_TARGET = 17.0;
				LOCALIZATION_PREFERS_STRING_CATALOGS = YES;
				MTL_ENABLE_DEBUG_INFO = INCLUDE_SOURCE;
				MTL_FAST_MATH = YES;
				ONLY_ACTIVE_ARCH = YES;
				SDKROOT = iphoneos;
				SWIFT_ACTIVE_COMPILATION_CONDITIONS = "DEBUG $(inherited)";
				SWIFT_OPTIMIZATION_LEVEL = "-Onone";
			};
			name = Debug;
		};
		33F474632B6BA8FE00324D1B /* Release */ = {
			isa = XCBuildConfiguration;
			buildSettings = {
				ALWAYS_SEARCH_USER_PATHS = NO;
				ASSETCATALOG_COMPILER_GENERATE_SWIFT_ASSET_SYMBOL_EXTENSIONS = YES;
				CLANG_ANALYZER_NONNULL = YES;
				CLANG_ANALYZER_NUMBER_OBJECT_CONVERSION = YES_AGGRESSIVE;
				CLANG_CXX_LANGUAGE_STANDARD = "gnu++20";
				CLANG_ENABLE_MODULES = YES;
				CLANG_ENABLE_OBJC_ARC = YES;
				CLANG_ENABLE_OBJC_WEAK = YES;
				CLANG_WARN_BLOCK_CAPTURE_AUTORELEASING = YES;
				CLANG_WARN_BOOL_CONVERSION = YES;
				CLANG_WARN_COMMA = YES;
				CLANG_WARN_CONSTANT_CONVERSION = YES;
				CLANG_WARN_DEPRECATED_OBJC_IMPLEMENTATIONS = YES;
				CLANG_WARN_DIRECT_OBJC_ISA_USAGE = YES_ERROR;
				CLANG_WARN_DOCUMENTATION_COMMENTS = YES;
				CLANG_WARN_EMPTY_BODY = YES;
				CLANG_WARN_ENUM_CONVERSION = YES;
				CLANG_WARN_INFINITE_RECURSION = YES;
				CLANG_WARN_INT_CONVERSION = YES;
				CLANG_WARN_NON_LITERAL_NULL_CONVERSION = YES;
				CLANG_WARN_OBJC_IMPLICIT_RETAIN_SELF = YES;
				CLANG_WARN_OBJC_LITERAL_CONVERSION = YES;
				CLANG_WARN_OBJC_ROOT_CLASS = YES_ERROR;
				CLANG_WARN_QUOTED_INCLUDE_IN_FRAMEWORK_HEADER = YES;
				CLANG_WARN_RANGE_LOOP_ANALYSIS = YES;
				CLANG_WARN_STRICT_PROTOTYPES = YES;
				CLANG_WARN_SUSPICIOUS_MOVE = YES;
				CLANG_WARN_UNGUARDED_AVAILABILITY = YES_AGGRESSIVE;
				CLANG_WARN_UNREACHABLE_CODE = YES;
				CLANG_WARN__DUPLICATE_METHOD_MATCH = YES;
				COPY_PHASE_STRIP = NO;
				DEBUG_INFORMATION_FORMAT = "dwarf-with-dsym";
				ENABLE_NS_ASSERTIONS = NO;
				ENABLE_STRICT_OBJC_MSGSEND = YES;
				ENABLE_USER_SCRIPT_SANDBOXING = YES;
				GCC_C_LANGUAGE_STANDARD = gnu17;
				GCC_NO_COMMON_BLOCKS = YES;
				GCC_WARN_64_TO_32_BIT_CONVERSION = YES;
				GCC_WARN_ABOUT_RETURN_TYPE = YES_ERROR;
				GCC_WARN_UNDECLARED_SELECTOR = YES;
				GCC_WARN_UNINITIALIZED_AUTOS = YES_AGGRESSIVE;
				GCC_WARN_UNUSED_FUNCTION = YES;
				GCC_WARN_UNUSED_VARIABLE = YES;
				IPHONEOS_DEPLOYMENT_TARGET = 17.0;
				LOCALIZATION_PREFERS_STRING_CATALOGS = YES;
				MTL_ENABLE_DEBUG_INFO = NO;
				MTL_FAST_MATH = YES;
				SDKROOT = iphoneos;
				SWIFT_COMPILATION_MODE = wholemodule;
				VALIDATE_PRODUCT = YES;
			};
			name = Release;
		};
		33F474652B6BA8FE00324D1B /* Debug */ = {
			isa = XCBuildConfiguration;
			buildSettings = {
				ASSETCATALOG_COMPILER_APPICON_NAME = AppIcon;
				ASSETCATALOG_COMPILER_GLOBAL_ACCENT_COLOR_NAME = AccentColor;
				CODE_SIGN_STYLE = Automatic;
				CURRENT_PROJECT_VERSION = 1;
				DEBUG_INFORMATION_FORMAT = "dwarf-with-dsym";
				DEVELOPMENT_TEAM = "";
				GENERATE_INFOPLIST_FILE = YES;
				INFOPLIST_FILE = VIPER/Info.plist;
				INFOPLIST_KEY_UIApplicationSupportsIndirectInputEvents = YES;
				INFOPLIST_KEY_UILaunchStoryboardName = Main.storyboard;
				INFOPLIST_KEY_UIMainStoryboardFile = Main;
				INFOPLIST_KEY_UISupportedInterfaceOrientations = UIInterfaceOrientationPortrait;
				LD_RUNPATH_SEARCH_PATHS = (
					"$(inherited)",
					"@executable_path/Frameworks",
				);
				MARKETING_VERSION = 1.0;
				PRODUCT_BUNDLE_IDENTIFIER = com.customapps.demo.VIPER;
				PRODUCT_NAME = "$(TARGET_NAME)";
				SUPPORTED_PLATFORMS = "iphoneos iphonesimulator";
				SUPPORTS_MACCATALYST = NO;
				SUPPORTS_MAC_DESIGNED_FOR_IPHONE_IPAD = NO;
				SWIFT_EMIT_LOC_STRINGS = YES;
				SWIFT_VERSION = 5.0;
				TARGETED_DEVICE_FAMILY = "1,2";
			};
			name = Debug;
		};
		33F474662B6BA8FE00324D1B /* Release */ = {
			isa = XCBuildConfiguration;
			buildSettings = {
				ASSETCATALOG_COMPILER_APPICON_NAME = AppIcon;
				ASSETCATALOG_COMPILER_GLOBAL_ACCENT_COLOR_NAME = AccentColor;
				CODE_SIGN_STYLE = Automatic;
				CURRENT_PROJECT_VERSION = 1;
				DEBUG_INFORMATION_FORMAT = "dwarf-with-dsym";
				DEVELOPMENT_TEAM = "";
				GENERATE_INFOPLIST_FILE = YES;
				INFOPLIST_FILE = VIPER/Info.plist;
				INFOPLIST_KEY_UIApplicationSupportsIndirectInputEvents = YES;
				INFOPLIST_KEY_UILaunchStoryboardName = Main.storyboard;
				INFOPLIST_KEY_UIMainStoryboardFile = Main;
				INFOPLIST_KEY_UISupportedInterfaceOrientations = UIInterfaceOrientationPortrait;
				LD_RUNPATH_SEARCH_PATHS = (
					"$(inherited)",
					"@executable_path/Frameworks",
				);
				MARKETING_VERSION = 1.0;
				PRODUCT_BUNDLE_IDENTIFIER = com.customapps.demo.VIPER;
				PRODUCT_NAME = "$(TARGET_NAME)";
				SUPPORTED_PLATFORMS = "iphoneos iphonesimulator";
				SUPPORTS_MACCATALYST = NO;
				SUPPORTS_MAC_DESIGNED_FOR_IPHONE_IPAD = NO;
				SWIFT_EMIT_LOC_STRINGS = YES;
				SWIFT_VERSION = 5.0;
				TARGETED_DEVICE_FAMILY = "1,2";
			};
			name = Release;
		};
/* End XCBuildConfiguration section */

/* Begin XCConfigurationList section */
		33F474322B6BA8FD00324D1B /* Build configuration list for PBXProject "VIPER" */ = {
			isa = XCConfigurationList;
			buildConfigurations = (
				33F474622B6BA8FE00324D1B /* Debug */,
				33F474632B6BA8FE00324D1B /* Release */,
			);
			defaultConfigurationIsVisible = 0;
			defaultConfigurationName = Release;
		};
		33F474642B6BA8FE00324D1B /* Build configuration list for PBXNativeTarget "VIPER" */ = {
			isa = XCConfigurationList;
			buildConfigurations = (
				33F474652B6BA8FE00324D1B /* Debug */,
				33F474662B6BA8FE00324D1B /* Release */,
			);
			defaultConfigurationIsVisible = 0;
			defaultConfigurationName = Release;
		};
/* End XCConfigurationList section */

/* Begin XCRemoteSwiftPackageReference section */
		3317A5122B6BCB6E002BEA08 /* XCRemoteSwiftPackageReference "Alamofire" */ = {
			isa = XCRemoteSwiftPackageReference;
			repositoryURL = "https://github.com/Alamofire/Alamofire.git";
			requirement = {
				kind = upToNextMajorVersion;
				minimumVersion = 5.8.1;
			};
		};
/* End XCRemoteSwiftPackageReference section */

/* Begin XCSwiftPackageProductDependency section */
		3317A5132B6BCB6E002BEA08 /* Alamofire */ = {
			isa = XCSwiftPackageProductDependency;
			package = 3317A5122B6BCB6E002BEA08 /* XCRemoteSwiftPackageReference "Alamofire" */;
			productName = Alamofire;
		};
/* End XCSwiftPackageProductDependency section */

/* Begin XCVersionGroup section */
		33F474432B6BA8FD00324D1B /* VIPER.xcdatamodeld */ = {
			isa = XCVersionGroup;
			children = (
				33F474442B6BA8FD00324D1B /* BrightForceiOS.xcdatamodel */,
			);
			currentVersion = 33F474442B6BA8FD00324D1B /* BrightForceiOS.xcdatamodel */;
			path = VIPER.xcdatamodeld;
			sourceTree = "<group>";
			versionGroupType = wrapper.xcdatamodel;
		};
/* End XCVersionGroup section */
	};
	rootObject = 33F4742F2B6BA8FD00324D1B /* Project object */;
}
